
Microsoft Visual Studio Solution File, Format Version 12.00
# Visual Studio Version 16
VisualStudioVersion = 16.0.30711.63
MinimumVisualStudioVersion = 10.0.40219.1
Project("{2150E333-8FDC-42A3-9474-1A3956D46DE8}") = "src", "src", "{AC67957A-153E-453A-B266-22C294DF422F}"
EndProject
Project("{FAE04EC0-301F-11D3-BF4B-00C04F79EFBC}") = "wf.abp.WebApi", "wf.abp.WebApi\wf.abp.WebApi.csproj", "{D62DEE38-631D-4550-BED0-2910F9497CE9}"
EndProject
Global
	GlobalSection(SolutionConfigurationPlatforms) = preSolution
		Debug|Any CPU = Debug|Any CPU
		Release|Any CPU = Release|Any CPU
	EndGlobalSection
	GlobalSection(ProjectConfigurationPlatforms) = postSolution
		{D62DEE38-631D-4550-BED0-2910F9497CE9}.Debug|Any CPU.ActiveCfg = Debug|Any CPU
		{D62DEE38-631D-4550-BED0-2910F9497CE9}.Debug|Any CPU.Build.0 = Debug|Any CPU
		{D62DEE38-631D-4550-BED0-2910F9497CE9}.Release|Any CPU.ActiveCfg = Release|Any CPU
		{D62DEE38-631D-4550-BED0-2910F9497CE9}.Release|Any CPU.Build.0 = Release|Any CPU
	EndGlobalSection
	GlobalSection(SolutionProperties) = preSolution
		HideSolutionNode = FALSE
	EndGlobalSection
	GlobalSection(NestedProjects) = preSolution
		{D62DEE38-631D-4550-BED0-2910F9497CE9} = {AC67957A-153E-453A-B266-22C294DF422F}
	EndGlobalSection
	GlobalSection(ExtensibilityGlobals) = postSolution
		SolutionGuid = {6C0A1B47-E4FF-4562-9EF8-83B1BB492B42}
	EndGlobalSection
EndGlobal
